
Microsoft Visual Studio Solution File, Format Version 11.00
# Visual Studio 2010
Project("{FAE04EC0-301F-11D3-BF4B-00C04F79EFBC}") = "gamedesign2", "Assembly-CSharp-firstpass.csproj", "{75D6D43F-0C26-2881-39D0-6115CB3EB84B}"
EndProject
Project("{FAE04EC0-301F-11D3-BF4B-00C04F79EFBC}") = "gamedesign2", "Assembly-CSharp.csproj", "{762E2E13-4645-2BF8-73AA-3B6B3F55129B}"
EndProject
Project("{FAE04EC0-301F-11D3-BF4B-00C04F79EFBC}") = "gamedesign2", "Assembly-CSharp-Editor-firstpass.csproj", "{1F4B01EC-3D1A-E6CC-E640-69EE7A509318}"
EndProject
Global
	GlobalSection(SolutionConfigurationPlatforms) = preSolution
		Debug|Any CPU = Debug|Any CPU
		Release|Any CPU = Release|Any CPU
	EndGlobalSection
	GlobalSection(ProjectConfigurationPlatforms) = postSolution
		{75D6D43F-0C26-2881-39D0-6115CB3EB84B}.Debug|Any CPU.ActiveCfg = Debug|Any CPU
		{75D6D43F-0C26-2881-39D0-6115CB3EB84B}.Debug|Any CPU.Build.0 = Debug|Any CPU
		{75D6D43F-0C26-2881-39D0-6115CB3EB84B}.Release|Any CPU.ActiveCfg = Release|Any CPU
		{75D6D43F-0C26-2881-39D0-6115CB3EB84B}.Release|Any CPU.Build.0 = Release|Any CPU
		{762E2E13-4645-2BF8-73AA-3B6B3F55129B}.Debug|Any CPU.ActiveCfg = Debug|Any CPU
		{762E2E13-4645-2BF8-73AA-3B6B3F55129B}.Debug|Any CPU.Build.0 = Debug|Any CPU
		{762E2E13-4645-2BF8-73AA-3B6B3F55129B}.Release|Any CPU.ActiveCfg = Release|Any CPU
		{762E2E13-4645-2BF8-73AA-3B6B3F55129B}.Release|Any CPU.Build.0 = Release|Any CPU
		{1F4B01EC-3D1A-E6CC-E640-69EE7A509318}.Debug|Any CPU.ActiveCfg = Debug|Any CPU
		{1F4B01EC-3D1A-E6CC-E640-69EE7A509318}.Debug|Any CPU.Build.0 = Debug|Any CPU
		{1F4B01EC-3D1A-E6CC-E640-69EE7A509318}.Release|Any CPU.ActiveCfg = Release|Any CPU
		{1F4B01EC-3D1A-E6CC-E640-69EE7A509318}.Release|Any CPU.Build.0 = Release|Any CPU
	EndGlobalSection
	GlobalSection(SolutionProperties) = preSolution
		HideSolutionNode = FALSE
	EndGlobalSection
	GlobalSection(MonoDevelopProperties) = preSolution
		StartupItem = Assembly-CSharp.csproj
	EndGlobalSection
EndGlobal
